<?xml version="1.0" encoding="utf-8"?>
<Project ToolsVersion="4.0" xmlns="http://schemas.microsoft.com/developer/msbuild/2003">
  <ItemGroup>
    <Filter Include="Nexus">
      <UniqueIdentifier>{B8E7BB0D-24FC-E3BE-ED7D-871E5951E0EF}</UniqueIdentifier>
    </Filter>
    <Filter Include="Nexus\Event">
      <UniqueIdentifier>{09536EC1-7508-E7B6-FEFC-E08D6AB1DDBA}</UniqueIdentifier>
    </Filter>
    <Filter Include="Nexus\Event\Types">
      <UniqueIdentifier>{6D7943E6-D98F-417C-2207-CD9D8E5C1204}</UniqueIdentifier>
    </Filter>
    <Filter Include="Nexus\Gui">
      <UniqueIdentifier>{0C0774D4-7871-284B-C1AF-D9F02D5906A0}</UniqueIdentifier>
    </Filter>
    <Filter Include="Nexus\Layer">
      <UniqueIdentifier>{84CEE1C1-F083-5AB7-7978-548EE52C51BB}</UniqueIdentifier>
    </Filter>
    <Filter Include="Nexus\Log">
      <UniqueIdentifier>{891B74D4-F585-284B-3EC4-D9F0AA6D06A0}</UniqueIdentifier>
    </Filter>
    <Filter Include="Nexus\Platform">
      <UniqueIdentifier>{0C5356BC-F820-4AC2-E1B4-BAE8CD212627}</UniqueIdentifier>
    </Filter>
    <Filter Include="Nexus\Platform\Windows">
      <UniqueIdentifier>{4649DC06-3243-0559-1BB0-9B6907496BC5}</UniqueIdentifier>
    </Filter>
    <Filter Include="Nexus\Window">
      <UniqueIdentifier>{9F154F18-8B78-DEBC-34FE-16732040AA3F}</UniqueIdentifier>
    </Filter>
  </ItemGroup>
  <ItemGroup>
    <ClInclude Include="src\Nexus.h" />
    <ClInclude Include="src\Nexus\Application.h">
      <Filter>Nexus</Filter>
    </ClInclude>
    <ClInclude Include="src\Nexus\Core.h">
      <Filter>Nexus</Filter>
    </ClInclude>
    <ClInclude Include="src\Nexus\EntryPoint.h">
      <Filter>Nexus</Filter>
    </ClInclude>
    <ClInclude Include="src\Nexus\Event\EventSystem.h">
      <Filter>Nexus\Event</Filter>
    </ClInclude>
    <ClInclude Include="src\Nexus\Event\Types\ApplicationEvent.h">
      <Filter>Nexus\Event\Types</Filter>
    </ClInclude>
    <ClInclude Include="src\Nexus\Event\Types\KeyEvent.h">
      <Filter>Nexus\Event\Types</Filter>
    </ClInclude>
    <ClInclude Include="src\Nexus\Event\Types\MouseEvent.h">
      <Filter>Nexus\Event\Types</Filter>
    </ClInclude>
    <ClInclude Include="src\Nexus\Gui\GuiLayer.h">
      <Filter>Nexus\Gui</Filter>
    </ClInclude>
    <ClInclude Include="src\Nexus\Layer\Layer.h">
      <Filter>Nexus\Layer</Filter>
    </ClInclude>
    <ClInclude Include="src\Nexus\Layer\LayerStack.h">
      <Filter>Nexus\Layer</Filter>
    </ClInclude>
    <ClInclude Include="src\Nexus\Log\Log.h">
      <Filter>Nexus\Log</Filter>
    </ClInclude>
    <ClInclude Include="src\Nexus\Platform\Windows\WindowsWindow.h">
      <Filter>Nexus\Platform\Windows</Filter>
    </ClInclude>
    <ClInclude Include="src\Nexus\Window\Window.h">
      <Filter>Nexus\Window</Filter>
    </ClInclude>
    <ClInclude Include="src\nxpch.h" />
  </ItemGroup>
  <ItemGroup>
    <ClCompile Include="src\Nexus\Application.cpp">
      <Filter>Nexus</Filter>
    </ClCompile>
    <ClCompile Include="src\Nexus\Gui\GuiLayer.cpp">
      <Filter>Nexus\Gui</Filter>
    </ClCompile>
    <ClCompile Include="src\Nexus\Layer\Layer.cpp">
      <Filter>Nexus\Layer</Filter>
    </ClCompile>
    <ClCompile Include="src\Nexus\Layer\LayerStack.cpp">
      <Filter>Nexus\Layer</Filter>
    </ClCompile>
    <ClCompile Include="src\Nexus\Log\Log.cpp">
      <Filter>Nexus\Log</Filter>
    </ClCompile>
    <ClCompile Include="src\Nexus\Platform\Windows\WindowsWindow.cpp">
      <Filter>Nexus\Platform\Windows</Filter>
    </ClCompile>
    <ClCompile Include="src\nxpch.cpp" />
  </ItemGroup>
</Project>